
Microsoft Visual Studio Solution File, Format Version 12.00
# Visual Studio Version 17
VisualStudioVersion = 17.11.35303.130
MinimumVisualStudioVersion = 10.0.40219.1
Project("{FAE04EC0-301F-11D3-BF4B-00C04F79EFBC}") = "CarSalesApp", "CarSalesApp\CarSalesApp.csproj", "{4561BA12-48F4-4D37-B10A-E2D9580EC25D}"
EndProject
Global
	GlobalSection(SolutionConfigurationPlatforms) = preSolution
		Debug|Any CPU = Debug|Any CPU
		Release|Any CPU = Release|Any CPU
	EndGlobalSection
	GlobalSection(ProjectConfigurationPlatforms) = postSolution
		{4561BA12-48F4-4D37-B10A-E2D9580EC25D}.Debug|Any CPU.ActiveCfg = Debug|Any CPU
		{4561BA12-48F4-4D37-B10A-E2D9580EC25D}.Debug|Any CPU.Build.0 = Debug|Any CPU
		{4561BA12-48F4-4D37-B10A-E2D9580EC25D}.Release|Any CPU.ActiveCfg = Release|Any CPU
		{4561BA12-48F4-4D37-B10A-E2D9580EC25D}.Release|Any CPU.Build.0 = Release|Any CPU
	EndGlobalSection
	GlobalSection(SolutionProperties) = preSolution
		HideSolutionNode = FALSE
	EndGlobalSection
	GlobalSection(ExtensibilityGlobals) = postSolution
		SolutionGuid = {5C6FEAC9-23F9-48E8-A7CF-E109E4AC8CAF}
	EndGlobalSection
EndGlobal
